{
  "version": 4,
  "terraform_version": "0.14.9",
  "serial": 239,
  "lineage": "896d524c-2cfe-2180-0d8c-7742e757923c",
  "outputs": {},
  "resources": [
    {
      "module": "module.codepipeline-frontend",
      "mode": "managed",
      "type": "aws_codebuild_project",
      "name": "codebuild_frontend",
      "provider": "provider[\"registry.terraform.io/hashicorp/aws\"]",
      "instances": [
        {
          "schema_version": 0,
          "attributes": {
            "arn": "arn:aws:codebuild:ap-northeast-2:525017980305:project/codebuild_frontend",
            "artifacts": [
              {
                "artifact_identifier": "",
                "encryption_disabled": false,
                "location": "",
                "name": "codebuild_frontend",
                "namespace_type": "",
                "override_artifact_name": false,
                "packaging": "NONE",
                "path": "",
                "type": "CODEPIPELINE"
              }
            ],
            "badge_enabled": false,
            "badge_url": "",
            "build_timeout": 60,
            "cache": [
              {
                "location": "sns-v2/cache",
                "modes": [],
                "type": "S3"
              }
            ],
            "description": "",
            "encryption_key": "arn:aws:kms:ap-northeast-2:525017980305:alias/aws/s3",
            "environment": [
              {
                "certificate": "",
                "compute_type": "BUILD_GENERAL1_SMALL",
                "environment_variable": [],
                "image": "aws/codebuild/standard:3.0",
                "image_pull_credentials_type": "CODEBUILD",
                "privileged_mode": true,
                "registry_credential": [],
                "type": "LINUX_CONTAINER"
              }
            ],
            "id": "arn:aws:codebuild:ap-northeast-2:525017980305:project/codebuild_frontend",
            "logs_config": [
              {
                "cloudwatch_logs": [
                  {
                    "group_name": "",
                    "status": "ENABLED",
                    "stream_name": ""
                  }
                ],
                "s3_logs": [
                  {
                    "encryption_disabled": false,
                    "location": "",
                    "status": "DISABLED"
                  }
                ]
              }
            ],
            "name": "codebuild_frontend",
            "queued_timeout": 480,
            "secondary_artifacts": [],
            "secondary_sources": [],
            "service_role": "arn:aws:iam::525017980305:role/codepipeline_role",
            "source": [
              {
                "auth": [],
                "buildspec": "buildspec.yml",
                "git_clone_depth": 0,
                "git_submodules_config": [],
                "insecure_ssl": false,
                "location": "",
                "report_build_status": false,
                "type": "CODEPIPELINE"
              }
            ],
            "source_version": "",
            "tags": {},
            "vpc_config": []
          },
          "sensitive_attributes": [],
          "private": "bnVsbA==",
          "dependencies": [
            "module.codepipeline-frontend.aws_iam_role.codepipeline_role",
            "module.codepipeline-frontend.aws_s3_bucket.sns-v2"
          ]
        }
      ]
    },
    {
      "module": "module.codepipeline-frontend",
      "mode": "managed",
      "type": "aws_codedeploy_app",
      "name": "codedeploy_frontend",
      "provider": "provider[\"registry.terraform.io/hashicorp/aws\"]",
      "instances": [
        {
          "schema_version": 0,
          "attributes": {
            "compute_platform": "Server",
            "id": "fe30ab75-c344-4969-ad8c-19e1a6c9b530:codedeploy-frontend",
            "name": "codedeploy-frontend",
            "unique_id": null
          },
          "sensitive_attributes": [],
          "private": "bnVsbA=="
        }
      ]
    },
    {
      "module": "module.codepipeline-frontend",
      "mode": "managed",
      "type": "aws_codedeploy_deployment_group",
      "name": "dg_frontend",
      "provider": "provider[\"registry.terraform.io/hashicorp/aws\"]",
      "instances": [
        {
          "schema_version": 0,
          "attributes": {
            "alarm_configuration": [],
            "app_name": "codedeploy-frontend",
            "auto_rollback_configuration": [
              {
                "enabled": true,
                "events": [
                  "DEPLOYMENT_FAILURE"
                ]
              }
            ],
            "autoscaling_groups": null,
            "blue_green_deployment_config": [],
            "deployment_config_name": "CodeDeployDefault.OneAtATime",
            "deployment_group_name": "dg-frontend",
            "deployment_style": [
              {
                "deployment_option": "WITHOUT_TRAFFIC_CONTROL",
                "deployment_type": "IN_PLACE"
              }
            ],
            "ec2_tag_filter": [],
            "ec2_tag_set": [
              {
                "ec2_tag_filter": [
                  {
                    "key": "Name",
                    "type": "KEY_AND_VALUE",
                    "value": "role_frontend"
                  }
                ]
              }
            ],
            "ecs_service": [],
            "id": "29fdc482-0928-48ea-94d2-440c85f373d4",
            "load_balancer_info": [],
            "on_premises_instance_tag_filter": [],
            "service_role_arn": "arn:aws:iam::525017980305:role/codepipeline_role",
            "trigger_configuration": []
          },
          "sensitive_attributes": [],
          "private": "bnVsbA==",
          "dependencies": [
            "module.codepipeline-frontend.aws_codedeploy_app.codedeploy_frontend",
            "module.codepipeline-frontend.aws_iam_role.codepipeline_role"
          ]
        }
      ]
    },
    {
      "module": "module.codepipeline-frontend",
      "mode": "managed",
      "type": "aws_codepipeline",
      "name": "codepipeline_frontend",
      "provider": "provider[\"registry.terraform.io/hashicorp/aws\"]",
      "instances": [
        {
          "schema_version": 0,
          "attributes": {
            "arn": "arn:aws:codepipeline:ap-northeast-2:525017980305:codepipeline-frontend",
            "artifact_store": [
              {
                "encryption_key": [],
                "location": "sns-v2",
                "region": "",
                "type": "S3"
              }
            ],
            "id": "codepipeline-frontend",
            "name": "codepipeline-frontend",
            "role_arn": "arn:aws:iam::525017980305:role/codepipeline_role",
            "stage": [
              {
                "action": [
                  {
                    "category": "Source",
                    "configuration": {
                      "BranchName": "main",
                      "ConnectionArn": "arn:aws:codestar-connections:ap-northeast-2:525017980305:connection/d3670e3f-1245-4984-a8b3-f7de1da90db1",
                      "FullRepositoryId": "Innfi/sns-frontend"
                    },
                    "input_artifacts": [],
                    "name": "Source",
                    "namespace": "",
                    "output_artifacts": [
                      "source_output"
                    ],
                    "owner": "AWS",
                    "provider": "CodeStarSourceConnection",
                    "region": "",
                    "role_arn": "",
                    "run_order": 1,
                    "version": "1"
                  }
                ],
                "name": "Source"
              },
              {
                "action": [
                  {
                    "category": "Build",
                    "configuration": {
                      "ProjectName": "codebuild_frontend"
                    },
                    "input_artifacts": [
                      "source_output"
                    ],
                    "name": "Build",
                    "namespace": "",
                    "output_artifacts": [
                      "build_output"
                    ],
                    "owner": "AWS",
                    "provider": "CodeBuild",
                    "region": "",
                    "role_arn": "",
                    "run_order": 1,
                    "version": "1"
                  }
                ],
                "name": "Build"
              }
            ],
            "tags": {}
          },
          "sensitive_attributes": [],
          "private": "bnVsbA==",
          "dependencies": [
            "module.codepipeline-frontend.aws_codebuild_project.codebuild_frontend",
            "module.codepipeline-frontend.aws_codestarconnections_connection.connection_github",
            "module.codepipeline-frontend.aws_iam_role.codepipeline_role",
            "module.codepipeline-frontend.aws_s3_bucket.sns-v2"
          ]
        }
      ]
    },
    {
      "module": "module.codepipeline-frontend",
      "mode": "managed",
      "type": "aws_codestarconnections_connection",
      "name": "connection_github",
      "provider": "provider[\"registry.terraform.io/hashicorp/aws\"]",
      "instances": [
        {
          "schema_version": 0,
          "attributes": {
            "arn": "arn:aws:codestar-connections:ap-northeast-2:525017980305:connection/d3670e3f-1245-4984-a8b3-f7de1da90db1",
            "connection_status": "AVAILABLE",
            "id": "arn:aws:codestar-connections:ap-northeast-2:525017980305:connection/d3670e3f-1245-4984-a8b3-f7de1da90db1",
            "name": "connection_github2",
            "provider_type": "GitHub",
            "tags": {}
          },
          "sensitive_attributes": [],
          "private": "bnVsbA=="
        }
      ]
    },
    {
      "module": "module.codepipeline-frontend",
      "mode": "managed",
      "type": "aws_iam_role",
      "name": "codepipeline_role",
      "provider": "provider[\"registry.terraform.io/hashicorp/aws\"]",
      "instances": [
        {
          "schema_version": 0,
          "attributes": {
            "arn": "arn:aws:iam::525017980305:role/codepipeline_role",
            "assume_role_policy": "{\"Version\":\"2012-10-17\",\"Statement\":[{\"Sid\":\"\",\"Effect\":\"Allow\",\"Principal\":{\"Service\":[\"codedeploy.amazonaws.com\",\"codestar.amazonaws.com\",\"codepipeline.amazonaws.com\",\"events.amazonaws.com\",\"codebuild.amazonaws.com\",\"cloudwatch.amazonaws.com\"]},\"Action\":\"sts:AssumeRole\"}]}",
            "create_date": "2021-04-03T08:03:02Z",
            "description": "",
            "force_detach_policies": false,
            "id": "codepipeline_role",
            "inline_policy": [
              {
                "name": "codepipeline_role_policy",
                "policy": "{\"Statement\":[{\"Action\":[\"s3:*\"],\"Effect\":\"Allow\",\"Resource\":[\"arn:aws:s3:::sns-v2\",\"arn:aws:s3:::sns-v2/*\"]},{\"Action\":[\"codebuild:*\",\"codedeploy:*\",\"codepipeline:*\",\"codestar:*\",\"codestar-connections:*\",\"logs:*\"],\"Effect\":\"Allow\",\"Resource\":\"*\"}],\"Version\":\"2012-10-17\"}"
              }
            ],
            "managed_policy_arns": [],
            "max_session_duration": 3600,
            "name": "codepipeline_role",
            "name_prefix": null,
            "path": "/",
            "permissions_boundary": null,
            "tags": {},
            "unique_id": "AROAXUPMCTWI7XOMJGYEO"
          },
          "sensitive_attributes": [],
          "private": "bnVsbA=="
        }
      ]
    },
    {
      "module": "module.codepipeline-frontend",
      "mode": "managed",
      "type": "aws_iam_role_policy",
      "name": "codepipeline_role_policy",
      "provider": "provider[\"registry.terraform.io/hashicorp/aws\"]",
      "instances": [
        {
          "schema_version": 0,
          "attributes": {
            "id": "codepipeline_role:codepipeline_role_policy",
            "name": "codepipeline_role_policy",
            "name_prefix": null,
            "policy": "{\"Statement\":[{\"Action\":[\"s3:*\"],\"Effect\":\"Allow\",\"Resource\":[\"arn:aws:s3:::sns-v2\",\"arn:aws:s3:::sns-v2/*\"]},{\"Action\":[\"codebuild:*\",\"codedeploy:*\",\"codepipeline:*\",\"codestar:*\",\"codestar-connections:*\",\"logs:*\"],\"Effect\":\"Allow\",\"Resource\":\"*\"}],\"Version\":\"2012-10-17\"}",
            "role": "codepipeline_role"
          },
          "sensitive_attributes": [],
          "private": "bnVsbA==",
          "dependencies": [
            "module.codepipeline-frontend.aws_iam_role.codepipeline_role",
            "module.codepipeline-frontend.aws_s3_bucket.sns-v2"
          ]
        }
      ]
    },
    {
      "module": "module.codepipeline-frontend",
      "mode": "managed",
      "type": "aws_s3_bucket",
      "name": "sns-v2",
      "provider": "provider[\"registry.terraform.io/hashicorp/aws\"]",
      "instances": [
        {
          "schema_version": 0,
          "attributes": {
            "acceleration_status": "",
            "acl": "private",
            "arn": "arn:aws:s3:::sns-v2",
            "bucket": "sns-v2",
            "bucket_domain_name": "sns-v2.s3.amazonaws.com",
            "bucket_prefix": null,
            "bucket_regional_domain_name": "sns-v2.s3.ap-northeast-2.amazonaws.com",
            "cors_rule": [],
            "force_destroy": false,
            "grant": [],
            "hosted_zone_id": "Z3W03O7B5YMIYP",
            "id": "sns-v2",
            "lifecycle_rule": [],
            "logging": [],
            "object_lock_configuration": [],
            "policy": null,
            "region": "ap-northeast-2",
            "replication_configuration": [],
            "request_payer": "BucketOwner",
            "server_side_encryption_configuration": [],
            "tags": {
              "Environment": "dev",
              "Name": "SNSv1-VPC-public",
              "Terraform": "true"
            },
            "versioning": [
              {
                "enabled": false,
                "mfa_delete": false
              }
            ],
            "website": [],
            "website_domain": null,
            "website_endpoint": null
          },
          "sensitive_attributes": [],
          "private": "bnVsbA=="
        }
      ]
    },
    {
      "module": "module.frontend",
      "mode": "managed",
      "type": "aws_instance",
      "name": "frontend",
      "provider": "provider[\"registry.terraform.io/hashicorp/aws\"]",
      "instances": [
        {
          "index_key": 0,
          "schema_version": 1,
          "attributes": {
            "ami": "ami-00f1068284b9eca92",
            "arn": "arn:aws:ec2:ap-northeast-2:525017980305:instance/i-0490b99112bd8ba01",
            "associate_public_ip_address": true,
            "availability_zone": "ap-northeast-2a",
            "cpu_core_count": 1,
            "cpu_threads_per_core": 1,
            "credit_specification": [
              {
                "cpu_credits": "standard"
              }
            ],
            "disable_api_termination": false,
            "ebs_block_device": [],
            "ebs_optimized": false,
            "enclave_options": [
              {
                "enabled": false
              }
            ],
            "ephemeral_block_device": [],
            "get_password_data": false,
            "hibernation": false,
            "host_id": null,
            "iam_instance_profile": "",
            "id": "i-0490b99112bd8ba01",
            "instance_initiated_shutdown_behavior": null,
            "instance_state": "running",
            "instance_type": "t2.micro",
            "ipv6_address_count": 0,
            "ipv6_addresses": [],
            "key_name": "InnfisKey",
            "metadata_options": [
              {
                "http_endpoint": "enabled",
                "http_put_response_hop_limit": 1,
                "http_tokens": "optional"
              }
            ],
            "monitoring": false,
            "network_interface": [],
            "outpost_arn": "",
            "password_data": "",
            "placement_group": "",
            "primary_network_interface_id": "eni-0b129eaa4a6f2ce19",
            "private_dns": "ip-10-0-1-17.ap-northeast-2.compute.internal",
            "private_ip": "10.0.1.17",
            "public_dns": "ec2-13-209-13-49.ap-northeast-2.compute.amazonaws.com",
            "public_ip": "13.209.13.49",
            "root_block_device": [
              {
                "delete_on_termination": true,
                "device_name": "/dev/sda1",
                "encrypted": false,
                "iops": 100,
                "kms_key_id": "",
                "tags": {},
                "throughput": 0,
                "volume_id": "vol-083f3b7adb939f71e",
                "volume_size": 8,
                "volume_type": "gp2"
              }
            ],
            "secondary_private_ips": [],
            "security_groups": [],
            "source_dest_check": true,
            "subnet_id": "subnet-076dda67772cdf531",
            "tags": {
              "Environment": "dev",
              "Name": "SNSv1-VPC-frontend-ap-northeast-2a",
              "Role": "role_frontend",
              "Terraform": "true"
            },
            "tenancy": "default",
            "timeouts": null,
            "user_data": null,
            "user_data_base64": null,
            "volume_tags": null,
            "vpc_security_group_ids": [
              "sg-09b2da9c1b823d73f"
            ]
          },
          "sensitive_attributes": [],
          "private": "eyJlMmJmYjczMC1lY2FhLTExZTYtOGY4OC0zNDM2M2JjN2M0YzAiOnsiY3JlYXRlIjo2MDAwMDAwMDAwMDAsImRlbGV0ZSI6MTIwMDAwMDAwMDAwMCwidXBkYXRlIjo2MDAwMDAwMDAwMDB9LCJzY2hlbWFfdmVyc2lvbiI6IjEifQ==",
          "dependencies": [
            "module.vpc.aws_security_group.public",
            "module.vpc.aws_subnet.public",
            "module.vpc.aws_vpc.this"
          ]
        }
      ]
    },
    {
      "module": "module.vpc",
      "mode": "managed",
      "type": "aws_internet_gateway",
      "name": "gateway",
      "provider": "provider[\"registry.terraform.io/hashicorp/aws\"]",
      "instances": [
        {
          "schema_version": 0,
          "attributes": {
            "arn": "arn:aws:ec2:ap-northeast-2:525017980305:internet-gateway/igw-02c56ea488839c167",
            "id": "igw-02c56ea488839c167",
            "owner_id": "525017980305",
            "tags": {
              "Environment": "dev",
              "Name": "SNSv1-VPC",
              "Terraform": "true"
            },
            "vpc_id": "vpc-0f5ba9b90dee93468"
          },
          "sensitive_attributes": [],
          "private": "bnVsbA==",
          "dependencies": [
            "module.vpc.aws_vpc.this"
          ]
        }
      ]
    },
    {
      "module": "module.vpc",
      "mode": "managed",
      "type": "aws_route_table",
      "name": "public",
      "provider": "provider[\"registry.terraform.io/hashicorp/aws\"]",
      "instances": [
        {
          "index_key": 0,
          "schema_version": 0,
          "attributes": {
            "arn": "arn:aws:ec2:ap-northeast-2:525017980305:route-table/rtb-069a207bdd56d0f9a",
            "id": "rtb-069a207bdd56d0f9a",
            "owner_id": "525017980305",
            "propagating_vgws": [],
            "route": [
              {
                "carrier_gateway_id": "",
                "cidr_block": "0.0.0.0/0",
                "destination_prefix_list_id": "",
                "egress_only_gateway_id": "",
                "gateway_id": "igw-02c56ea488839c167",
                "instance_id": "",
                "ipv6_cidr_block": "",
                "local_gateway_id": "",
                "nat_gateway_id": "",
                "network_interface_id": "",
                "transit_gateway_id": "",
                "vpc_endpoint_id": "",
                "vpc_peering_connection_id": ""
              }
            ],
            "tags": {
              "Environment": "dev",
              "Name": "SNSv1-VPC-public-ap-northeast-2a",
              "Terraform": "true"
            },
            "vpc_id": "vpc-0f5ba9b90dee93468"
          },
          "sensitive_attributes": [],
          "private": "bnVsbA==",
          "dependencies": [
            "module.vpc.aws_internet_gateway.gateway",
            "module.vpc.aws_vpc.this"
          ]
        }
      ]
    },
    {
      "module": "module.vpc",
      "mode": "managed",
      "type": "aws_route_table_association",
      "name": "public",
      "provider": "provider[\"registry.terraform.io/hashicorp/aws\"]",
      "instances": [
        {
          "index_key": 0,
          "schema_version": 0,
          "attributes": {
            "gateway_id": null,
            "id": "rtbassoc-077bc7305aae875a2",
            "route_table_id": "rtb-069a207bdd56d0f9a",
            "subnet_id": "subnet-076dda67772cdf531"
          },
          "sensitive_attributes": [],
          "private": "bnVsbA==",
          "dependencies": [
            "module.vpc.aws_internet_gateway.gateway",
            "module.vpc.aws_route_table.public",
            "module.vpc.aws_subnet.public",
            "module.vpc.aws_vpc.this"
          ]
        }
      ]
    },
    {
      "module": "module.vpc",
      "mode": "managed",
      "type": "aws_security_group",
      "name": "public",
      "provider": "provider[\"registry.terraform.io/hashicorp/aws\"]",
      "instances": [
        {
          "schema_version": 1,
          "attributes": {
            "arn": "arn:aws:ec2:ap-northeast-2:525017980305:security-group/sg-09b2da9c1b823d73f",
            "description": "Managed by Terraform",
            "egress": [
              {
                "cidr_blocks": [
                  "0.0.0.0/0"
                ],
                "description": "",
                "from_port": 0,
                "ipv6_cidr_blocks": [],
                "prefix_list_ids": [],
                "protocol": "-1",
                "security_groups": [],
                "self": false,
                "to_port": 0
              }
            ],
            "id": "sg-09b2da9c1b823d73f",
            "ingress": [
              {
                "cidr_blocks": [
                  "0.0.0.0/0"
                ],
                "description": "",
                "from_port": 1330,
                "ipv6_cidr_blocks": [],
                "prefix_list_ids": [],
                "protocol": "tcp",
                "security_groups": [],
                "self": false,
                "to_port": 1330
              }
            ],
            "name": "terraform-20210404131235618200000001",
            "name_prefix": "terraform-",
            "owner_id": "525017980305",
            "revoke_rules_on_delete": false,
            "tags": {
              "Environment": "dev",
              "Name": "SNSv1-VPC-public",
              "Terraform": "true"
            },
            "timeouts": null,
            "vpc_id": "vpc-0f5ba9b90dee93468"
          },
          "sensitive_attributes": [],
          "private": "eyJlMmJmYjczMC1lY2FhLTExZTYtOGY4OC0zNDM2M2JjN2M0YzAiOnsiY3JlYXRlIjo2MDAwMDAwMDAwMDAsImRlbGV0ZSI6OTAwMDAwMDAwMDAwfSwic2NoZW1hX3ZlcnNpb24iOiIxIn0=",
          "dependencies": [
            "module.vpc.aws_vpc.this"
          ]
        }
      ]
    },
    {
      "module": "module.vpc",
      "mode": "managed",
      "type": "aws_security_group_rule",
      "name": "egress_public",
      "provider": "provider[\"registry.terraform.io/hashicorp/aws\"]",
      "instances": [
        {
          "schema_version": 2,
          "attributes": {
            "cidr_blocks": [
              "0.0.0.0/0"
            ],
            "description": "",
            "from_port": 0,
            "id": "sgrule-3461235440",
            "ipv6_cidr_blocks": [],
            "prefix_list_ids": [],
            "protocol": "-1",
            "security_group_id": "sg-09b2da9c1b823d73f",
            "self": false,
            "source_security_group_id": null,
            "to_port": 0,
            "type": "egress"
          },
          "sensitive_attributes": [],
          "private": "eyJzY2hlbWFfdmVyc2lvbiI6IjIifQ==",
          "dependencies": [
            "module.vpc.aws_security_group.public",
            "module.vpc.aws_vpc.this"
          ]
        }
      ]
    },
    {
      "module": "module.vpc",
      "mode": "managed",
      "type": "aws_security_group_rule",
      "name": "ingress_public",
      "provider": "provider[\"registry.terraform.io/hashicorp/aws\"]",
      "instances": [
        {
          "schema_version": 2,
          "attributes": {
            "cidr_blocks": [
              "0.0.0.0/0"
            ],
            "description": "",
            "from_port": 1330,
            "id": "sgrule-1332547201",
            "ipv6_cidr_blocks": [],
            "prefix_list_ids": [],
            "protocol": "tcp",
            "security_group_id": "sg-09b2da9c1b823d73f",
            "self": false,
            "source_security_group_id": null,
            "to_port": 1330,
            "type": "ingress"
          },
          "sensitive_attributes": [],
          "private": "eyJzY2hlbWFfdmVyc2lvbiI6IjIifQ==",
          "dependencies": [
            "module.vpc.aws_security_group.public",
            "module.vpc.aws_vpc.this"
          ]
        }
      ]
    },
    {
      "module": "module.vpc",
      "mode": "managed",
      "type": "aws_subnet",
      "name": "public",
      "provider": "provider[\"registry.terraform.io/hashicorp/aws\"]",
      "instances": [
        {
          "index_key": 0,
          "schema_version": 1,
          "attributes": {
            "arn": "arn:aws:ec2:ap-northeast-2:525017980305:subnet/subnet-076dda67772cdf531",
            "assign_ipv6_address_on_creation": false,
            "availability_zone": "ap-northeast-2a",
            "availability_zone_id": "apne2-az1",
            "cidr_block": "10.0.1.0/24",
            "customer_owned_ipv4_pool": "",
            "id": "subnet-076dda67772cdf531",
            "ipv6_cidr_block": "",
            "ipv6_cidr_block_association_id": "",
            "map_customer_owned_ip_on_launch": false,
            "map_public_ip_on_launch": true,
            "outpost_arn": "",
            "owner_id": "525017980305",
            "tags": {
              "Environment": "dev",
              "Name": "SNSv1-VPC-public-ap-northeast-2a",
              "Terraform": "true"
            },
            "tags_all": {
              "Environment": "dev",
              "Name": "SNSv1-VPC-public-ap-northeast-2a",
              "Terraform": "true"
            },
            "timeouts": null,
            "vpc_id": "vpc-0f5ba9b90dee93468"
          },
          "sensitive_attributes": [],
          "private": "eyJlMmJmYjczMC1lY2FhLTExZTYtOGY4OC0zNDM2M2JjN2M0YzAiOnsiY3JlYXRlIjo2MDAwMDAwMDAwMDAsImRlbGV0ZSI6MTIwMDAwMDAwMDAwMH0sInNjaGVtYV92ZXJzaW9uIjoiMSJ9",
          "dependencies": [
            "module.vpc.aws_vpc.this"
          ]
        }
      ]
    },
    {
      "module": "module.vpc",
      "mode": "managed",
      "type": "aws_vpc",
      "name": "this",
      "provider": "provider[\"registry.terraform.io/hashicorp/aws\"]",
      "instances": [
        {
          "schema_version": 1,
          "attributes": {
            "arn": "arn:aws:ec2:ap-northeast-2:525017980305:vpc/vpc-0f5ba9b90dee93468",
            "assign_generated_ipv6_cidr_block": false,
            "cidr_block": "10.0.0.0/16",
            "default_network_acl_id": "acl-00d5fa28acd0073d1",
            "default_route_table_id": "rtb-0f048df2e1480ced6",
            "default_security_group_id": "sg-0c1c9d0b52678107b",
            "dhcp_options_id": "dopt-833febe8",
            "enable_classiclink": null,
            "enable_classiclink_dns_support": null,
            "enable_dns_hostnames": true,
            "enable_dns_support": true,
            "id": "vpc-0f5ba9b90dee93468",
            "instance_tenancy": "default",
            "ipv6_association_id": "",
            "ipv6_cidr_block": "",
            "main_route_table_id": "rtb-0f048df2e1480ced6",
            "owner_id": "525017980305",
            "tags": {
              "Environment": "dev",
              "Name": "SNSv1-VPC",
              "Terraform": "true"
            },
            "tags_all": {
              "Environment": "dev",
              "Name": "SNSv1-VPC",
              "Terraform": "true"
            }
          },
          "sensitive_attributes": [],
          "private": "eyJzY2hlbWFfdmVyc2lvbiI6IjEifQ=="
        }
      ]
    }
  ]
}
