{
  "version": 4,
  "terraform_version": "0.14.9",
  "serial": 418,
  "lineage": "896d524c-2cfe-2180-0d8c-7742e757923c",
  "outputs": {},
  "resources": [
    {
      "module": "module.bastion",
      "mode": "managed",
      "type": "aws_instance",
      "name": "bastion",
      "provider": "provider[\"registry.terraform.io/hashicorp/aws\"]",
      "instances": [
        {
          "index_key": 0,
          "schema_version": 1,
          "attributes": {
            "ami": "ami-00f1068284b9eca92",
            "arn": "arn:aws:ec2:ap-northeast-2:525017980305:instance/i-02033d6a1d418a6b9",
            "associate_public_ip_address": true,
            "availability_zone": "ap-northeast-2a",
            "cpu_core_count": 1,
            "cpu_threads_per_core": 1,
            "credit_specification": [
              {
                "cpu_credits": "standard"
              }
            ],
            "disable_api_termination": false,
            "ebs_block_device": [],
            "ebs_optimized": false,
            "enclave_options": [
              {
                "enabled": false
              }
            ],
            "ephemeral_block_device": [],
            "get_password_data": false,
            "hibernation": false,
            "host_id": null,
            "iam_instance_profile": "",
            "id": "i-02033d6a1d418a6b9",
            "instance_initiated_shutdown_behavior": null,
            "instance_state": "running",
            "instance_type": "t2.micro",
            "ipv6_address_count": 0,
            "ipv6_addresses": [],
            "key_name": "InnfisKey",
            "metadata_options": [
              {
                "http_endpoint": "enabled",
                "http_put_response_hop_limit": 1,
                "http_tokens": "optional"
              }
            ],
            "monitoring": false,
            "network_interface": [],
            "outpost_arn": "",
            "password_data": "",
            "placement_group": "",
            "primary_network_interface_id": "eni-055ad67c9ea3efffb",
            "private_dns": "ip-10-0-1-163.ap-northeast-2.compute.internal",
            "private_ip": "10.0.1.163",
            "public_dns": "ec2-3-36-108-248.ap-northeast-2.compute.amazonaws.com",
            "public_ip": "3.36.108.248",
            "root_block_device": [
              {
                "delete_on_termination": true,
                "device_name": "/dev/sda1",
                "encrypted": false,
                "iops": 100,
                "kms_key_id": "",
                "tags": {},
                "throughput": 0,
                "volume_id": "vol-0870ebf56c68e5474",
                "volume_size": 8,
                "volume_type": "gp2"
              }
            ],
            "secondary_private_ips": [],
            "security_groups": [],
            "source_dest_check": true,
            "subnet_id": "subnet-0edaa2bc1fdd0a993",
            "tags": {
              "Environment": "dev",
              "Name": "SNSv1-VPC-bastion-ap-northeast-2a",
              "Terraform": "true"
            },
            "tenancy": "default",
            "timeouts": null,
            "user_data": null,
            "user_data_base64": null,
            "volume_tags": null,
            "vpc_security_group_ids": [
              "sg-04930cd70e8167fca"
            ]
          },
          "sensitive_attributes": [],
          "private": "eyJlMmJmYjczMC1lY2FhLTExZTYtOGY4OC0zNDM2M2JjN2M0YzAiOnsiY3JlYXRlIjo2MDAwMDAwMDAwMDAsImRlbGV0ZSI6MTIwMDAwMDAwMDAwMCwidXBkYXRlIjo2MDAwMDAwMDAwMDB9LCJzY2hlbWFfdmVyc2lvbiI6IjEifQ==",
          "dependencies": [
            "module.bastion.aws_security_group.bastion",
            "module.vpc.aws_subnet.public",
            "module.vpc.aws_vpc.this"
          ]
        }
      ]
    },
    {
      "module": "module.bastion",
      "mode": "managed",
      "type": "aws_security_group",
      "name": "bastion",
      "provider": "provider[\"registry.terraform.io/hashicorp/aws\"]",
      "instances": [
        {
          "schema_version": 1,
          "attributes": {
            "arn": "arn:aws:ec2:ap-northeast-2:525017980305:security-group/sg-04930cd70e8167fca",
            "description": "Managed by Terraform",
            "egress": [
              {
                "cidr_blocks": [
                  "0.0.0.0/0"
                ],
                "description": "",
                "from_port": 0,
                "ipv6_cidr_blocks": [],
                "prefix_list_ids": [],
                "protocol": "-1",
                "security_groups": [],
                "self": false,
                "to_port": 0
              }
            ],
            "id": "sg-04930cd70e8167fca",
            "ingress": [
              {
                "cidr_blocks": [
                  "124.5.226.230/32"
                ],
                "description": "",
                "from_port": 22,
                "ipv6_cidr_blocks": [],
                "prefix_list_ids": [],
                "protocol": "tcp",
                "security_groups": [],
                "self": false,
                "to_port": 22
              }
            ],
            "name": "SecurityGroupBastion",
            "name_prefix": "",
            "owner_id": "525017980305",
            "revoke_rules_on_delete": false,
            "tags": {
              "Environment": "dev",
              "Name": "Bastion",
              "Terraform": "true"
            },
            "timeouts": null,
            "vpc_id": "vpc-08a4eece2a8a7cf35"
          },
          "sensitive_attributes": [],
          "private": "eyJlMmJmYjczMC1lY2FhLTExZTYtOGY4OC0zNDM2M2JjN2M0YzAiOnsiY3JlYXRlIjo2MDAwMDAwMDAwMDAsImRlbGV0ZSI6OTAwMDAwMDAwMDAwfSwic2NoZW1hX3ZlcnNpb24iOiIxIn0=",
          "dependencies": [
            "module.vpc.aws_vpc.this"
          ]
        }
      ]
    },
    {
      "module": "module.bastion",
      "mode": "managed",
      "type": "aws_security_group_rule",
      "name": "egress_bastion",
      "provider": "provider[\"registry.terraform.io/hashicorp/aws\"]",
      "instances": [
        {
          "schema_version": 2,
          "attributes": {
            "cidr_blocks": [
              "0.0.0.0/0"
            ],
            "description": "",
            "from_port": 0,
            "id": "sgrule-3071269614",
            "ipv6_cidr_blocks": [],
            "prefix_list_ids": [],
            "protocol": "-1",
            "security_group_id": "sg-04930cd70e8167fca",
            "self": false,
            "source_security_group_id": null,
            "to_port": 0,
            "type": "egress"
          },
          "sensitive_attributes": [],
          "private": "eyJzY2hlbWFfdmVyc2lvbiI6IjIifQ==",
          "dependencies": [
            "module.bastion.aws_security_group.bastion",
            "module.vpc.aws_vpc.this"
          ]
        }
      ]
    },
    {
      "module": "module.bastion",
      "mode": "managed",
      "type": "aws_security_group_rule",
      "name": "ingress_bastion",
      "provider": "provider[\"registry.terraform.io/hashicorp/aws\"]",
      "instances": [
        {
          "schema_version": 2,
          "attributes": {
            "cidr_blocks": [
              "124.5.226.230/32"
            ],
            "description": "",
            "from_port": 22,
            "id": "sgrule-2705012995",
            "ipv6_cidr_blocks": [],
            "prefix_list_ids": [],
            "protocol": "tcp",
            "security_group_id": "sg-04930cd70e8167fca",
            "self": false,
            "source_security_group_id": null,
            "to_port": 22,
            "type": "ingress"
          },
          "sensitive_attributes": [],
          "private": "eyJzY2hlbWFfdmVyc2lvbiI6IjIifQ==",
          "dependencies": [
            "module.bastion.aws_security_group.bastion",
            "module.vpc.aws_vpc.this"
          ]
        }
      ]
    },
    {
      "module": "module.bastion",
      "mode": "managed",
      "type": "aws_security_group_rule",
      "name": "ingress_bastion_public",
      "provider": "provider[\"registry.terraform.io/hashicorp/aws\"]",
      "instances": [
        {
          "schema_version": 2,
          "attributes": {
            "cidr_blocks": [],
            "description": "",
            "from_port": 22,
            "id": "sgrule-981351107",
            "ipv6_cidr_blocks": [],
            "prefix_list_ids": [],
            "protocol": "tcp",
            "security_group_id": "sg-06a01f046c5e2322a",
            "self": false,
            "source_security_group_id": "sg-04930cd70e8167fca",
            "to_port": 22,
            "type": "ingress"
          },
          "sensitive_attributes": [],
          "private": "eyJzY2hlbWFfdmVyc2lvbiI6IjIifQ==",
          "dependencies": [
            "module.bastion.aws_security_group.bastion",
            "module.vpc.aws_security_group.public",
            "module.vpc.aws_vpc.this"
          ]
        }
      ]
    },
    {
      "module": "module.cicd-baseline",
      "mode": "managed",
      "type": "aws_codestarconnections_connection",
      "name": "connection_github",
      "provider": "provider[\"registry.terraform.io/hashicorp/aws\"]",
      "instances": [
        {
          "schema_version": 0,
          "attributes": {
            "arn": "arn:aws:codestar-connections:ap-northeast-2:525017980305:connection/be2544c1-3bab-4efc-b8b5-b140a4b7a621",
            "connection_status": "AVAILABLE",
            "id": "arn:aws:codestar-connections:ap-northeast-2:525017980305:connection/be2544c1-3bab-4efc-b8b5-b140a4b7a621",
            "name": "connection_github2",
            "provider_type": "GitHub",
            "tags": {}
          },
          "sensitive_attributes": [],
          "private": "bnVsbA=="
        }
      ]
    },
    {
      "module": "module.cicd-baseline",
      "mode": "managed",
      "type": "aws_iam_role",
      "name": "codepipeline_role",
      "provider": "provider[\"registry.terraform.io/hashicorp/aws\"]",
      "instances": [
        {
          "schema_version": 0,
          "attributes": {
            "arn": "arn:aws:iam::525017980305:role/codepipeline_role",
            "assume_role_policy": "{\"Version\":\"2012-10-17\",\"Statement\":[{\"Sid\":\"\",\"Effect\":\"Allow\",\"Principal\":{\"Service\":[\"cloudwatch.amazonaws.com\",\"codedeploy.amazonaws.com\",\"codebuild.amazonaws.com\",\"codepipeline.amazonaws.com\",\"ec2.amazonaws.com\",\"events.amazonaws.com\",\"codestar.amazonaws.com\"]},\"Action\":\"sts:AssumeRole\"}]}",
            "create_date": "2021-04-15T10:54:05Z",
            "description": "",
            "force_detach_policies": false,
            "id": "codepipeline_role",
            "inline_policy": [
              {
                "name": "codepipeline_role_policy",
                "policy": "{\"Statement\":[{\"Action\":[\"s3:*\"],\"Effect\":\"Allow\",\"Resource\":[\"arn:aws:s3:::sns-v2\",\"arn:aws:s3:::sns-v2/*\"]},{\"Action\":[\"codebuild:*\",\"codedeploy:*\",\"codepipeline:*\",\"codestar:*\",\"codestar-connections:*\",\"logs:*\",\"ec2:*\"],\"Effect\":\"Allow\",\"Resource\":\"*\"}],\"Version\":\"2012-10-17\"}"
              }
            ],
            "managed_policy_arns": [],
            "max_session_duration": 3600,
            "name": "codepipeline_role",
            "name_prefix": null,
            "path": "/",
            "permissions_boundary": null,
            "tags": {},
            "unique_id": "AROAXUPMCTWI767M53P4A"
          },
          "sensitive_attributes": [],
          "private": "bnVsbA=="
        }
      ]
    },
    {
      "module": "module.cicd-baseline",
      "mode": "managed",
      "type": "aws_iam_role_policy",
      "name": "codepipeline_role_policy",
      "provider": "provider[\"registry.terraform.io/hashicorp/aws\"]",
      "instances": [
        {
          "schema_version": 0,
          "attributes": {
            "id": "codepipeline_role:codepipeline_role_policy",
            "name": "codepipeline_role_policy",
            "name_prefix": null,
            "policy": "{\"Statement\":[{\"Action\":[\"s3:*\"],\"Effect\":\"Allow\",\"Resource\":[\"arn:aws:s3:::sns-v2\",\"arn:aws:s3:::sns-v2/*\"]},{\"Action\":[\"codebuild:*\",\"codedeploy:*\",\"codepipeline:*\",\"codestar:*\",\"codestar-connections:*\",\"logs:*\",\"ec2:*\"],\"Effect\":\"Allow\",\"Resource\":\"*\"}],\"Version\":\"2012-10-17\"}",
            "role": "codepipeline_role"
          },
          "sensitive_attributes": [],
          "private": "bnVsbA==",
          "dependencies": [
            "module.cicd-baseline.aws_iam_role.codepipeline_role",
            "module.cicd-baseline.aws_s3_bucket.sns-v2"
          ]
        }
      ]
    },
    {
      "module": "module.cicd-baseline",
      "mode": "managed",
      "type": "aws_s3_bucket",
      "name": "sns-v2",
      "provider": "provider[\"registry.terraform.io/hashicorp/aws\"]",
      "instances": [
        {
          "schema_version": 0,
          "attributes": {
            "acceleration_status": "",
            "acl": "private",
            "arn": "arn:aws:s3:::sns-v2",
            "bucket": "sns-v2",
            "bucket_domain_name": "sns-v2.s3.amazonaws.com",
            "bucket_prefix": null,
            "bucket_regional_domain_name": "sns-v2.s3.ap-northeast-2.amazonaws.com",
            "cors_rule": [],
            "force_destroy": false,
            "grant": [],
            "hosted_zone_id": "Z3W03O7B5YMIYP",
            "id": "sns-v2",
            "lifecycle_rule": [],
            "logging": [],
            "object_lock_configuration": [],
            "policy": null,
            "region": "ap-northeast-2",
            "replication_configuration": [],
            "request_payer": "BucketOwner",
            "server_side_encryption_configuration": [],
            "tags": {
              "Environment": "dev",
              "Name": "SNSv1-VPC-public",
              "Terraform": "true"
            },
            "versioning": [
              {
                "enabled": false,
                "mfa_delete": false
              }
            ],
            "website": [],
            "website_domain": null,
            "website_endpoint": null
          },
          "sensitive_attributes": [],
          "private": "bnVsbA=="
        }
      ]
    },
    {
      "module": "module.codepipeline-frontend",
      "mode": "managed",
      "type": "aws_codebuild_project",
      "name": "codebuild_frontend",
      "provider": "provider[\"registry.terraform.io/hashicorp/aws\"]",
      "instances": [
        {
          "schema_version": 0,
          "attributes": {
            "arn": "arn:aws:codebuild:ap-northeast-2:525017980305:project/codebuild_frontend",
            "artifacts": [
              {
                "artifact_identifier": "",
                "encryption_disabled": false,
                "location": "",
                "name": "codebuild_frontend",
                "namespace_type": "",
                "override_artifact_name": false,
                "packaging": "NONE",
                "path": "",
                "type": "CODEPIPELINE"
              }
            ],
            "badge_enabled": false,
            "badge_url": "",
            "build_timeout": 60,
            "cache": [
              {
                "location": "sns-v2/cache",
                "modes": [],
                "type": "S3"
              }
            ],
            "description": "",
            "encryption_key": "arn:aws:kms:ap-northeast-2:525017980305:alias/aws/s3",
            "environment": [
              {
                "certificate": "",
                "compute_type": "BUILD_GENERAL1_SMALL",
                "environment_variable": [],
                "image": "aws/codebuild/standard:3.0",
                "image_pull_credentials_type": "CODEBUILD",
                "privileged_mode": true,
                "registry_credential": [],
                "type": "LINUX_CONTAINER"
              }
            ],
            "id": "arn:aws:codebuild:ap-northeast-2:525017980305:project/codebuild_frontend",
            "logs_config": [
              {
                "cloudwatch_logs": [
                  {
                    "group_name": "",
                    "status": "ENABLED",
                    "stream_name": ""
                  }
                ],
                "s3_logs": [
                  {
                    "encryption_disabled": false,
                    "location": "",
                    "status": "DISABLED"
                  }
                ]
              }
            ],
            "name": "codebuild_frontend",
            "queued_timeout": 480,
            "secondary_artifacts": [],
            "secondary_sources": [],
            "service_role": "arn:aws:iam::525017980305:role/codepipeline_role",
            "source": [
              {
                "auth": [],
                "buildspec": "buildspec.yml",
                "git_clone_depth": 0,
                "git_submodules_config": [],
                "insecure_ssl": false,
                "location": "",
                "report_build_status": false,
                "type": "CODEPIPELINE"
              }
            ],
            "source_version": "",
            "tags": {},
            "vpc_config": []
          },
          "sensitive_attributes": [],
          "private": "bnVsbA==",
          "dependencies": [
            "module.cicd-baseline.aws_iam_role.codepipeline_role",
            "module.cicd-baseline.aws_s3_bucket.sns-v2"
          ]
        }
      ]
    },
    {
      "module": "module.codepipeline-frontend",
      "mode": "managed",
      "type": "aws_codedeploy_app",
      "name": "codedeploy_frontend",
      "provider": "provider[\"registry.terraform.io/hashicorp/aws\"]",
      "instances": [
        {
          "schema_version": 0,
          "attributes": {
            "compute_platform": "Server",
            "id": "33ba02f4-6377-42e2-8a27-00ca187b78d9:codedeploy-frontend",
            "name": "codedeploy-frontend",
            "unique_id": null
          },
          "sensitive_attributes": [],
          "private": "bnVsbA=="
        }
      ]
    },
    {
      "module": "module.codepipeline-frontend",
      "mode": "managed",
      "type": "aws_codedeploy_deployment_group",
      "name": "dg_frontend",
      "provider": "provider[\"registry.terraform.io/hashicorp/aws\"]",
      "instances": [
        {
          "schema_version": 0,
          "attributes": {
            "alarm_configuration": [],
            "app_name": "codedeploy-frontend",
            "auto_rollback_configuration": [
              {
                "enabled": true,
                "events": [
                  "DEPLOYMENT_FAILURE"
                ]
              }
            ],
            "autoscaling_groups": [],
            "blue_green_deployment_config": [],
            "deployment_config_name": "CodeDeployDefault.OneAtATime",
            "deployment_group_name": "dg-frontend",
            "deployment_style": [
              {
                "deployment_option": "WITHOUT_TRAFFIC_CONTROL",
                "deployment_type": "IN_PLACE"
              }
            ],
            "ec2_tag_filter": [],
            "ec2_tag_set": [
              {
                "ec2_tag_filter": [
                  {
                    "key": "Role",
                    "type": "KEY_AND_VALUE",
                    "value": "role_frontend"
                  }
                ]
              }
            ],
            "ecs_service": [],
            "id": "3b9b59f1-3918-4464-8786-a63f819c620c",
            "load_balancer_info": [],
            "on_premises_instance_tag_filter": [],
            "service_role_arn": "arn:aws:iam::525017980305:role/codepipeline_role",
            "trigger_configuration": []
          },
          "sensitive_attributes": [],
          "private": "bnVsbA==",
          "dependencies": [
            "module.cicd-baseline.aws_iam_role.codepipeline_role",
            "module.codepipeline-frontend.aws_codedeploy_app.codedeploy_frontend"
          ]
        }
      ]
    },
    {
      "module": "module.codepipeline-frontend",
      "mode": "managed",
      "type": "aws_codepipeline",
      "name": "codepipeline_frontend",
      "provider": "provider[\"registry.terraform.io/hashicorp/aws\"]",
      "instances": [
        {
          "schema_version": 0,
          "attributes": {
            "arn": "arn:aws:codepipeline:ap-northeast-2:525017980305:codepipeline-frontend",
            "artifact_store": [
              {
                "encryption_key": [],
                "location": "sns-v2",
                "region": "",
                "type": "S3"
              }
            ],
            "id": "codepipeline-frontend",
            "name": "codepipeline-frontend",
            "role_arn": "arn:aws:iam::525017980305:role/codepipeline_role",
            "stage": [
              {
                "action": [
                  {
                    "category": "Source",
                    "configuration": {
                      "BranchName": "main",
                      "ConnectionArn": "arn:aws:codestar-connections:ap-northeast-2:525017980305:connection/be2544c1-3bab-4efc-b8b5-b140a4b7a621",
                      "FullRepositoryId": "Innfi/sns-frontend"
                    },
                    "input_artifacts": [],
                    "name": "Source",
                    "namespace": "",
                    "output_artifacts": [
                      "source_output"
                    ],
                    "owner": "AWS",
                    "provider": "CodeStarSourceConnection",
                    "region": "",
                    "role_arn": "",
                    "run_order": 1,
                    "version": "1"
                  }
                ],
                "name": "Source"
              },
              {
                "action": [
                  {
                    "category": "Build",
                    "configuration": {
                      "ProjectName": "codebuild_frontend"
                    },
                    "input_artifacts": [
                      "source_output"
                    ],
                    "name": "Build",
                    "namespace": "",
                    "output_artifacts": [
                      "build_output"
                    ],
                    "owner": "AWS",
                    "provider": "CodeBuild",
                    "region": "",
                    "role_arn": "",
                    "run_order": 1,
                    "version": "1"
                  }
                ],
                "name": "Build"
              },
              {
                "action": [
                  {
                    "category": "Deploy",
                    "configuration": {
                      "ApplicationName": "codedeploy-frontend",
                      "DeploymentGroupName": "dg-frontend"
                    },
                    "input_artifacts": [
                      "build_output"
                    ],
                    "name": "Deploy",
                    "namespace": "",
                    "output_artifacts": [],
                    "owner": "AWS",
                    "provider": "CodeDeploy",
                    "region": "",
                    "role_arn": "",
                    "run_order": 1,
                    "version": "1"
                  }
                ],
                "name": "Deploy"
              }
            ],
            "tags": {}
          },
          "sensitive_attributes": [],
          "private": "bnVsbA==",
          "dependencies": [
            "module.cicd-baseline.aws_codestarconnections_connection.connection_github",
            "module.cicd-baseline.aws_iam_role.codepipeline_role",
            "module.cicd-baseline.aws_s3_bucket.sns-v2",
            "module.codepipeline-frontend.aws_codebuild_project.codebuild_frontend",
            "module.codepipeline-frontend.aws_codedeploy_app.codedeploy_frontend",
            "module.codepipeline-frontend.aws_codedeploy_deployment_group.dg_frontend"
          ]
        }
      ]
    },
    {
      "module": "module.frontend",
      "mode": "managed",
      "type": "aws_instance",
      "name": "frontend",
      "provider": "provider[\"registry.terraform.io/hashicorp/aws\"]",
      "instances": [
        {
          "index_key": 0,
          "schema_version": 1,
          "attributes": {
            "ami": "ami-00f1068284b9eca92",
            "arn": "arn:aws:ec2:ap-northeast-2:525017980305:instance/i-0687620826d6e31e5",
            "associate_public_ip_address": true,
            "availability_zone": "ap-northeast-2a",
            "cpu_core_count": 1,
            "cpu_threads_per_core": 1,
            "credit_specification": [
              {
                "cpu_credits": "standard"
              }
            ],
            "disable_api_termination": false,
            "ebs_block_device": [],
            "ebs_optimized": false,
            "enclave_options": [
              {
                "enabled": false
              }
            ],
            "ephemeral_block_device": [],
            "get_password_data": false,
            "hibernation": false,
            "host_id": null,
            "iam_instance_profile": "general_instance_profile",
            "id": "i-0687620826d6e31e5",
            "instance_initiated_shutdown_behavior": null,
            "instance_state": "running",
            "instance_type": "t2.micro",
            "ipv6_address_count": 0,
            "ipv6_addresses": [],
            "key_name": "InnfisKey",
            "metadata_options": [
              {
                "http_endpoint": "enabled",
                "http_put_response_hop_limit": 1,
                "http_tokens": "optional"
              }
            ],
            "monitoring": false,
            "network_interface": [],
            "outpost_arn": "",
            "password_data": "",
            "placement_group": "",
            "primary_network_interface_id": "eni-01935d06e57d2d18b",
            "private_dns": "ip-10-0-1-195.ap-northeast-2.compute.internal",
            "private_ip": "10.0.1.195",
            "public_dns": "ec2-3-36-52-203.ap-northeast-2.compute.amazonaws.com",
            "public_ip": "3.36.52.203",
            "root_block_device": [
              {
                "delete_on_termination": true,
                "device_name": "/dev/sda1",
                "encrypted": false,
                "iops": 100,
                "kms_key_id": "",
                "tags": {},
                "throughput": 0,
                "volume_id": "vol-01f256ef57a28be2c",
                "volume_size": 8,
                "volume_type": "gp2"
              }
            ],
            "secondary_private_ips": [],
            "security_groups": [],
            "source_dest_check": true,
            "subnet_id": "subnet-0edaa2bc1fdd0a993",
            "tags": {
              "Environment": "dev",
              "Name": "SNSv1-VPC-frontend-ap-northeast-2a",
              "Role": "role_frontend",
              "Terraform": "true"
            },
            "tenancy": "default",
            "timeouts": null,
            "user_data": null,
            "user_data_base64": null,
            "volume_tags": null,
            "vpc_security_group_ids": [
              "sg-06a01f046c5e2322a"
            ]
          },
          "sensitive_attributes": [],
          "private": "eyJlMmJmYjczMC1lY2FhLTExZTYtOGY4OC0zNDM2M2JjN2M0YzAiOnsiY3JlYXRlIjo2MDAwMDAwMDAwMDAsImRlbGV0ZSI6MTIwMDAwMDAwMDAwMCwidXBkYXRlIjo2MDAwMDAwMDAwMDB9LCJzY2hlbWFfdmVyc2lvbiI6IjEifQ==",
          "dependencies": [
            "module.vpc.aws_iam_instance_profile.general_instance_profile",
            "module.vpc.aws_iam_role.s3_role",
            "module.vpc.aws_security_group.public",
            "module.vpc.aws_subnet.public",
            "module.vpc.aws_vpc.this"
          ]
        }
      ]
    },
    {
      "module": "module.vpc",
      "mode": "managed",
      "type": "aws_iam_instance_profile",
      "name": "general_instance_profile",
      "provider": "provider[\"registry.terraform.io/hashicorp/aws\"]",
      "instances": [
        {
          "schema_version": 0,
          "attributes": {
            "arn": "arn:aws:iam::525017980305:instance-profile/general_instance_profile",
            "create_date": "2021-04-18T07:05:14Z",
            "id": "general_instance_profile",
            "name": "general_instance_profile",
            "name_prefix": null,
            "path": "/",
            "role": "ec2_general_role",
            "tags": {},
            "unique_id": "AIPAXUPMCTWIYMVYFSNQG"
          },
          "sensitive_attributes": [],
          "private": "bnVsbA==",
          "dependencies": [
            "module.vpc.aws_iam_role.s3_role"
          ]
        }
      ]
    },
    {
      "module": "module.vpc",
      "mode": "managed",
      "type": "aws_iam_role",
      "name": "s3_role",
      "provider": "provider[\"registry.terraform.io/hashicorp/aws\"]",
      "instances": [
        {
          "schema_version": 0,
          "attributes": {
            "arn": "arn:aws:iam::525017980305:role/ec2_general_role",
            "assume_role_policy": "{\"Version\":\"2012-10-17\",\"Statement\":[{\"Sid\":\"\",\"Effect\":\"Allow\",\"Principal\":{\"Service\":\"ec2.amazonaws.com\"},\"Action\":\"sts:AssumeRole\"}]}",
            "create_date": "2021-04-17T12:43:23Z",
            "description": "",
            "force_detach_policies": false,
            "id": "ec2_general_role",
            "inline_policy": [
              {
                "name": "s3_role_policy",
                "policy": "{\"Statement\":[{\"Action\":[\"s3:Get*\",\"s3:List*\"],\"Effect\":\"Allow\",\"Resource\":[\"arn:aws:s3:::sns-v2/*\",\"arn:aws:s3:::aws-codedeploy-ap-northeast-2/*\"]}],\"Version\":\"2012-10-17\"}"
              }
            ],
            "managed_policy_arns": [],
            "max_session_duration": 3600,
            "name": "ec2_general_role",
            "name_prefix": null,
            "path": "/",
            "permissions_boundary": null,
            "tags": {},
            "unique_id": "AROAXUPMCTWIROK3SCF6L"
          },
          "sensitive_attributes": [],
          "private": "bnVsbA=="
        }
      ]
    },
    {
      "module": "module.vpc",
      "mode": "managed",
      "type": "aws_iam_role_policy",
      "name": "s3_role_policy",
      "provider": "provider[\"registry.terraform.io/hashicorp/aws\"]",
      "instances": [
        {
          "schema_version": 0,
          "attributes": {
            "id": "ec2_general_role:s3_role_policy",
            "name": "s3_role_policy",
            "name_prefix": null,
            "policy": "{\"Statement\":[{\"Action\":[\"s3:Get*\",\"s3:List*\"],\"Effect\":\"Allow\",\"Resource\":[\"arn:aws:s3:::sns-v2/*\",\"arn:aws:s3:::aws-codedeploy-ap-northeast-2/*\"]}],\"Version\":\"2012-10-17\"}",
            "role": "ec2_general_role"
          },
          "sensitive_attributes": [],
          "private": "bnVsbA==",
          "dependencies": [
            "module.vpc.aws_iam_role.s3_role"
          ]
        }
      ]
    },
    {
      "module": "module.vpc",
      "mode": "managed",
      "type": "aws_internet_gateway",
      "name": "gateway",
      "provider": "provider[\"registry.terraform.io/hashicorp/aws\"]",
      "instances": [
        {
          "schema_version": 0,
          "attributes": {
            "arn": "arn:aws:ec2:ap-northeast-2:525017980305:internet-gateway/igw-01d13f2b9415550d3",
            "id": "igw-01d13f2b9415550d3",
            "owner_id": "525017980305",
            "tags": {
              "Environment": "dev",
              "Name": "SNSv1-VPC",
              "Terraform": "true"
            },
            "vpc_id": "vpc-08a4eece2a8a7cf35"
          },
          "sensitive_attributes": [],
          "private": "bnVsbA==",
          "dependencies": [
            "module.vpc.aws_vpc.this"
          ]
        }
      ]
    },
    {
      "module": "module.vpc",
      "mode": "managed",
      "type": "aws_route_table",
      "name": "public",
      "provider": "provider[\"registry.terraform.io/hashicorp/aws\"]",
      "instances": [
        {
          "index_key": 0,
          "schema_version": 0,
          "attributes": {
            "arn": "arn:aws:ec2:ap-northeast-2:525017980305:route-table/rtb-02c91fa70df85d2c1",
            "id": "rtb-02c91fa70df85d2c1",
            "owner_id": "525017980305",
            "propagating_vgws": [],
            "route": [
              {
                "carrier_gateway_id": "",
                "cidr_block": "0.0.0.0/0",
                "destination_prefix_list_id": "",
                "egress_only_gateway_id": "",
                "gateway_id": "igw-01d13f2b9415550d3",
                "instance_id": "",
                "ipv6_cidr_block": "",
                "local_gateway_id": "",
                "nat_gateway_id": "",
                "network_interface_id": "",
                "transit_gateway_id": "",
                "vpc_endpoint_id": "",
                "vpc_peering_connection_id": ""
              }
            ],
            "tags": {
              "Environment": "dev",
              "Name": "SNSv1-VPC-public-ap-northeast-2a",
              "Terraform": "true"
            },
            "vpc_id": "vpc-08a4eece2a8a7cf35"
          },
          "sensitive_attributes": [],
          "private": "bnVsbA==",
          "dependencies": [
            "module.vpc.aws_internet_gateway.gateway",
            "module.vpc.aws_vpc.this"
          ]
        }
      ]
    },
    {
      "module": "module.vpc",
      "mode": "managed",
      "type": "aws_route_table_association",
      "name": "public",
      "provider": "provider[\"registry.terraform.io/hashicorp/aws\"]",
      "instances": [
        {
          "index_key": 0,
          "schema_version": 0,
          "attributes": {
            "gateway_id": null,
            "id": "rtbassoc-06f4e8c03dcde90ed",
            "route_table_id": "rtb-02c91fa70df85d2c1",
            "subnet_id": "subnet-0edaa2bc1fdd0a993"
          },
          "sensitive_attributes": [],
          "private": "bnVsbA==",
          "dependencies": [
            "module.vpc.aws_internet_gateway.gateway",
            "module.vpc.aws_route_table.public",
            "module.vpc.aws_subnet.public",
            "module.vpc.aws_vpc.this"
          ]
        }
      ]
    },
    {
      "module": "module.vpc",
      "mode": "managed",
      "type": "aws_security_group",
      "name": "public",
      "provider": "provider[\"registry.terraform.io/hashicorp/aws\"]",
      "instances": [
        {
          "schema_version": 1,
          "attributes": {
            "arn": "arn:aws:ec2:ap-northeast-2:525017980305:security-group/sg-06a01f046c5e2322a",
            "description": "Managed by Terraform",
            "egress": [
              {
                "cidr_blocks": [
                  "0.0.0.0/0"
                ],
                "description": "",
                "from_port": 0,
                "ipv6_cidr_blocks": [],
                "prefix_list_ids": [],
                "protocol": "-1",
                "security_groups": [],
                "self": false,
                "to_port": 0
              }
            ],
            "id": "sg-06a01f046c5e2322a",
            "ingress": [
              {
                "cidr_blocks": [
                  "124.5.226.230/32",
                  "220.118.76.124/32"
                ],
                "description": "",
                "from_port": 1330,
                "ipv6_cidr_blocks": [],
                "prefix_list_ids": [],
                "protocol": "tcp",
                "security_groups": [],
                "self": false,
                "to_port": 1330
              },
              {
                "cidr_blocks": [],
                "description": "",
                "from_port": 22,
                "ipv6_cidr_blocks": [],
                "prefix_list_ids": [],
                "protocol": "tcp",
                "security_groups": [
                  "sg-04930cd70e8167fca"
                ],
                "self": false,
                "to_port": 22
              }
            ],
            "name": "terraform-20210417124331459400000001",
            "name_prefix": "terraform-",
            "owner_id": "525017980305",
            "revoke_rules_on_delete": false,
            "tags": {
              "Environment": "dev",
              "Name": "SNSv1-VPC-public",
              "Terraform": "true"
            },
            "timeouts": null,
            "vpc_id": "vpc-08a4eece2a8a7cf35"
          },
          "sensitive_attributes": [],
          "private": "eyJlMmJmYjczMC1lY2FhLTExZTYtOGY4OC0zNDM2M2JjN2M0YzAiOnsiY3JlYXRlIjo2MDAwMDAwMDAwMDAsImRlbGV0ZSI6OTAwMDAwMDAwMDAwfSwic2NoZW1hX3ZlcnNpb24iOiIxIn0=",
          "dependencies": [
            "module.vpc.aws_vpc.this"
          ]
        }
      ]
    },
    {
      "module": "module.vpc",
      "mode": "managed",
      "type": "aws_security_group_rule",
      "name": "egress_public",
      "provider": "provider[\"registry.terraform.io/hashicorp/aws\"]",
      "instances": [
        {
          "schema_version": 2,
          "attributes": {
            "cidr_blocks": [
              "0.0.0.0/0"
            ],
            "description": "",
            "from_port": 0,
            "id": "sgrule-1984187490",
            "ipv6_cidr_blocks": [],
            "prefix_list_ids": [],
            "protocol": "-1",
            "security_group_id": "sg-06a01f046c5e2322a",
            "self": false,
            "source_security_group_id": null,
            "to_port": 0,
            "type": "egress"
          },
          "sensitive_attributes": [],
          "private": "eyJzY2hlbWFfdmVyc2lvbiI6IjIifQ==",
          "dependencies": [
            "module.vpc.aws_security_group.public",
            "module.vpc.aws_vpc.this"
          ]
        }
      ]
    },
    {
      "module": "module.vpc",
      "mode": "managed",
      "type": "aws_security_group_rule",
      "name": "ingress_public",
      "provider": "provider[\"registry.terraform.io/hashicorp/aws\"]",
      "instances": [
        {
          "schema_version": 2,
          "attributes": {
            "cidr_blocks": [
              "124.5.226.230/32"
            ],
            "description": null,
            "from_port": 80,
            "id": "sgrule-656244808",
            "ipv6_cidr_blocks": null,
            "prefix_list_ids": null,
            "protocol": "tcp",
            "security_group_id": "sg-06a01f046c5e2322a",
            "self": false,
            "source_security_group_id": null,
            "to_port": 80,
            "type": "ingress"
          },
          "sensitive_attributes": [],
          "private": "eyJzY2hlbWFfdmVyc2lvbiI6IjIifQ==",
          "dependencies": [
            "module.vpc.aws_security_group.public"
          ]
        }
      ]
    },
    {
      "module": "module.vpc",
      "mode": "managed",
      "type": "aws_subnet",
      "name": "private",
      "provider": "provider[\"registry.terraform.io/hashicorp/aws\"]",
      "instances": [
        {
          "index_key": 0,
          "schema_version": 1,
          "attributes": {
            "arn": "arn:aws:ec2:ap-northeast-2:525017980305:subnet/subnet-09155ca79acd0655f",
            "assign_ipv6_address_on_creation": false,
            "availability_zone": "ap-northeast-2a",
            "availability_zone_id": "apne2-az1",
            "cidr_block": "10.0.3.0/24",
            "customer_owned_ipv4_pool": "",
            "id": "subnet-09155ca79acd0655f",
            "ipv6_cidr_block": "",
            "ipv6_cidr_block_association_id": "",
            "map_customer_owned_ip_on_launch": false,
            "map_public_ip_on_launch": false,
            "outpost_arn": "",
            "owner_id": "525017980305",
            "tags": {
              "Environment": "dev",
              "Name": "SNSv1-VPC-private-ap-northeast-2a",
              "Terraform": "true"
            },
            "tags_all": {
              "Environment": "dev",
              "Name": "SNSv1-VPC-private-ap-northeast-2a",
              "Terraform": "true"
            },
            "timeouts": null,
            "vpc_id": "vpc-08a4eece2a8a7cf35"
          },
          "sensitive_attributes": [],
          "private": "eyJlMmJmYjczMC1lY2FhLTExZTYtOGY4OC0zNDM2M2JjN2M0YzAiOnsiY3JlYXRlIjo2MDAwMDAwMDAwMDAsImRlbGV0ZSI6MTIwMDAwMDAwMDAwMH0sInNjaGVtYV92ZXJzaW9uIjoiMSJ9",
          "dependencies": [
            "module.vpc.aws_vpc.this"
          ]
        }
      ]
    },
    {
      "module": "module.vpc",
      "mode": "managed",
      "type": "aws_subnet",
      "name": "public",
      "provider": "provider[\"registry.terraform.io/hashicorp/aws\"]",
      "instances": [
        {
          "index_key": 0,
          "schema_version": 1,
          "attributes": {
            "arn": "arn:aws:ec2:ap-northeast-2:525017980305:subnet/subnet-0edaa2bc1fdd0a993",
            "assign_ipv6_address_on_creation": false,
            "availability_zone": "ap-northeast-2a",
            "availability_zone_id": "apne2-az1",
            "cidr_block": "10.0.1.0/24",
            "customer_owned_ipv4_pool": "",
            "id": "subnet-0edaa2bc1fdd0a993",
            "ipv6_cidr_block": "",
            "ipv6_cidr_block_association_id": "",
            "map_customer_owned_ip_on_launch": false,
            "map_public_ip_on_launch": true,
            "outpost_arn": "",
            "owner_id": "525017980305",
            "tags": {
              "Environment": "dev",
              "Name": "SNSv1-VPC-public-ap-northeast-2a",
              "Terraform": "true"
            },
            "tags_all": {
              "Environment": "dev",
              "Name": "SNSv1-VPC-public-ap-northeast-2a",
              "Terraform": "true"
            },
            "timeouts": null,
            "vpc_id": "vpc-08a4eece2a8a7cf35"
          },
          "sensitive_attributes": [],
          "private": "eyJlMmJmYjczMC1lY2FhLTExZTYtOGY4OC0zNDM2M2JjN2M0YzAiOnsiY3JlYXRlIjo2MDAwMDAwMDAwMDAsImRlbGV0ZSI6MTIwMDAwMDAwMDAwMH0sInNjaGVtYV92ZXJzaW9uIjoiMSJ9",
          "dependencies": [
            "module.vpc.aws_vpc.this"
          ]
        }
      ]
    },
    {
      "module": "module.vpc",
      "mode": "managed",
      "type": "aws_vpc",
      "name": "this",
      "provider": "provider[\"registry.terraform.io/hashicorp/aws\"]",
      "instances": [
        {
          "schema_version": 1,
          "attributes": {
            "arn": "arn:aws:ec2:ap-northeast-2:525017980305:vpc/vpc-08a4eece2a8a7cf35",
            "assign_generated_ipv6_cidr_block": false,
            "cidr_block": "10.0.0.0/16",
            "default_network_acl_id": "acl-066b971054480bfc9",
            "default_route_table_id": "rtb-083c7f8b04e544c0c",
            "default_security_group_id": "sg-0dc6d962c298cb0e6",
            "dhcp_options_id": "dopt-833febe8",
            "enable_classiclink": null,
            "enable_classiclink_dns_support": null,
            "enable_dns_hostnames": true,
            "enable_dns_support": true,
            "id": "vpc-08a4eece2a8a7cf35",
            "instance_tenancy": "default",
            "ipv6_association_id": "",
            "ipv6_cidr_block": "",
            "main_route_table_id": "rtb-083c7f8b04e544c0c",
            "owner_id": "525017980305",
            "tags": {
              "Environment": "dev",
              "Name": "SNSv1-VPC",
              "Terraform": "true"
            },
            "tags_all": {
              "Environment": "dev",
              "Name": "SNSv1-VPC",
              "Terraform": "true"
            }
          },
          "sensitive_attributes": [],
          "private": "eyJzY2hlbWFfdmVyc2lvbiI6IjEifQ=="
        }
      ]
    }
  ]
}
