{
  "version": 4,
  "terraform_version": "0.14.9",
  "serial": 249,
  "lineage": "896d524c-2cfe-2180-0d8c-7742e757923c",
  "outputs": {},
  "resources": [
    {
      "module": "module.codepipeline-frontend",
      "mode": "managed",
      "type": "aws_codebuild_project",
      "name": "codebuild_frontend",
      "provider": "provider[\"registry.terraform.io/hashicorp/aws\"]",
      "instances": [
        {
          "schema_version": 0,
          "attributes": {
            "arn": "arn:aws:codebuild:ap-northeast-2:525017980305:project/codebuild_frontend",
            "artifacts": [
              {
                "artifact_identifier": "",
                "encryption_disabled": false,
                "location": "",
                "name": "codebuild_frontend",
                "namespace_type": "",
                "override_artifact_name": false,
                "packaging": "NONE",
                "path": "",
                "type": "CODEPIPELINE"
              }
            ],
            "badge_enabled": false,
            "badge_url": "",
            "build_timeout": 60,
            "cache": [
              {
                "location": "sns-v2/cache",
                "modes": [],
                "type": "S3"
              }
            ],
            "description": "",
            "encryption_key": "arn:aws:kms:ap-northeast-2:525017980305:alias/aws/s3",
            "environment": [
              {
                "certificate": "",
                "compute_type": "BUILD_GENERAL1_SMALL",
                "environment_variable": [],
                "image": "aws/codebuild/standard:3.0",
                "image_pull_credentials_type": "CODEBUILD",
                "privileged_mode": true,
                "registry_credential": [],
                "type": "LINUX_CONTAINER"
              }
            ],
            "id": "arn:aws:codebuild:ap-northeast-2:525017980305:project/codebuild_frontend",
            "logs_config": [
              {
                "cloudwatch_logs": [
                  {
                    "group_name": "",
                    "status": "ENABLED",
                    "stream_name": ""
                  }
                ],
                "s3_logs": [
                  {
                    "encryption_disabled": false,
                    "location": "",
                    "status": "DISABLED"
                  }
                ]
              }
            ],
            "name": "codebuild_frontend",
            "queued_timeout": 480,
            "secondary_artifacts": [],
            "secondary_sources": [],
            "service_role": "arn:aws:iam::525017980305:role/codepipeline_role",
            "source": [
              {
                "auth": [],
                "buildspec": "buildspec.yml",
                "git_clone_depth": 0,
                "git_submodules_config": [],
                "insecure_ssl": false,
                "location": "",
                "report_build_status": false,
                "type": "CODEPIPELINE"
              }
            ],
            "source_version": "",
            "tags": {},
            "vpc_config": []
          },
          "sensitive_attributes": [],
          "private": "bnVsbA==",
          "dependencies": [
            "module.codepipeline-frontend.aws_iam_role.codepipeline_role",
            "module.codepipeline-frontend.aws_s3_bucket.sns-v2"
          ]
        }
      ]
    },
    {
      "module": "module.codepipeline-frontend",
      "mode": "managed",
      "type": "aws_codedeploy_app",
      "name": "codedeploy_frontend",
      "provider": "provider[\"registry.terraform.io/hashicorp/aws\"]",
      "instances": [
        {
          "schema_version": 0,
          "attributes": {
            "compute_platform": "Server",
            "id": "fe30ab75-c344-4969-ad8c-19e1a6c9b530:codedeploy-frontend",
            "name": "codedeploy-frontend",
            "unique_id": null
          },
          "sensitive_attributes": [],
          "private": "bnVsbA=="
        }
      ]
    },
    {
      "module": "module.codepipeline-frontend",
      "mode": "managed",
      "type": "aws_codedeploy_deployment_group",
      "name": "dg_frontend",
      "provider": "provider[\"registry.terraform.io/hashicorp/aws\"]",
      "instances": [
        {
          "schema_version": 0,
          "attributes": {
            "alarm_configuration": [],
            "app_name": "codedeploy-frontend",
            "auto_rollback_configuration": [
              {
                "enabled": true,
                "events": [
                  "DEPLOYMENT_FAILURE"
                ]
              }
            ],
            "autoscaling_groups": [],
            "blue_green_deployment_config": [],
            "deployment_config_name": "CodeDeployDefault.OneAtATime",
            "deployment_group_name": "dg-frontend",
            "deployment_style": [
              {
                "deployment_option": "WITHOUT_TRAFFIC_CONTROL",
                "deployment_type": "IN_PLACE"
              }
            ],
            "ec2_tag_filter": [],
            "ec2_tag_set": [
              {
                "ec2_tag_filter": [
                  {
                    "key": "Name",
                    "type": "KEY_AND_VALUE",
                    "value": "role_frontend"
                  }
                ]
              }
            ],
            "ecs_service": [],
            "id": "29fdc482-0928-48ea-94d2-440c85f373d4",
            "load_balancer_info": [],
            "on_premises_instance_tag_filter": [],
            "service_role_arn": "arn:aws:iam::525017980305:role/codepipeline_role",
            "trigger_configuration": []
          },
          "sensitive_attributes": [],
          "private": "bnVsbA==",
          "dependencies": [
            "module.codepipeline-frontend.aws_codedeploy_app.codedeploy_frontend",
            "module.codepipeline-frontend.aws_iam_role.codepipeline_role"
          ]
        }
      ]
    },
    {
      "module": "module.codepipeline-frontend",
      "mode": "managed",
      "type": "aws_codepipeline",
      "name": "codepipeline_frontend",
      "provider": "provider[\"registry.terraform.io/hashicorp/aws\"]",
      "instances": [
        {
          "schema_version": 0,
          "attributes": {
            "arn": "arn:aws:codepipeline:ap-northeast-2:525017980305:codepipeline-frontend",
            "artifact_store": [
              {
                "encryption_key": [],
                "location": "sns-v2",
                "region": "",
                "type": "S3"
              }
            ],
            "id": "codepipeline-frontend",
            "name": "codepipeline-frontend",
            "role_arn": "arn:aws:iam::525017980305:role/codepipeline_role",
            "stage": [
              {
                "action": [
                  {
                    "category": "Source",
                    "configuration": {
                      "BranchName": "main",
                      "ConnectionArn": "arn:aws:codestar-connections:ap-northeast-2:525017980305:connection/d3670e3f-1245-4984-a8b3-f7de1da90db1",
                      "FullRepositoryId": "Innfi/sns-frontend"
                    },
                    "input_artifacts": [],
                    "name": "Source",
                    "namespace": "",
                    "output_artifacts": [
                      "source_output"
                    ],
                    "owner": "AWS",
                    "provider": "CodeStarSourceConnection",
                    "region": "",
                    "role_arn": "",
                    "run_order": 1,
                    "version": "1"
                  }
                ],
                "name": "Source"
              },
              {
                "action": [
                  {
                    "category": "Build",
                    "configuration": {
                      "ProjectName": "codebuild_frontend"
                    },
                    "input_artifacts": [
                      "source_output"
                    ],
                    "name": "Build",
                    "namespace": "",
                    "output_artifacts": [
                      "build_output"
                    ],
                    "owner": "AWS",
                    "provider": "CodeBuild",
                    "region": "",
                    "role_arn": "",
                    "run_order": 1,
                    "version": "1"
                  }
                ],
                "name": "Build"
              }
            ],
            "tags": {}
          },
          "sensitive_attributes": [],
          "private": "bnVsbA==",
          "dependencies": [
            "module.codepipeline-frontend.aws_codebuild_project.codebuild_frontend",
            "module.codepipeline-frontend.aws_codestarconnections_connection.connection_github",
            "module.codepipeline-frontend.aws_iam_role.codepipeline_role",
            "module.codepipeline-frontend.aws_s3_bucket.sns-v2"
          ]
        }
      ]
    },
    {
      "module": "module.codepipeline-frontend",
      "mode": "managed",
      "type": "aws_codestarconnections_connection",
      "name": "connection_github",
      "provider": "provider[\"registry.terraform.io/hashicorp/aws\"]",
      "instances": [
        {
          "schema_version": 0,
          "attributes": {
            "arn": "arn:aws:codestar-connections:ap-northeast-2:525017980305:connection/d3670e3f-1245-4984-a8b3-f7de1da90db1",
            "connection_status": "AVAILABLE",
            "id": "arn:aws:codestar-connections:ap-northeast-2:525017980305:connection/d3670e3f-1245-4984-a8b3-f7de1da90db1",
            "name": "connection_github2",
            "provider_type": "GitHub",
            "tags": {}
          },
          "sensitive_attributes": [],
          "private": "bnVsbA=="
        }
      ]
    },
    {
      "module": "module.codepipeline-frontend",
      "mode": "managed",
      "type": "aws_iam_role",
      "name": "codepipeline_role",
      "provider": "provider[\"registry.terraform.io/hashicorp/aws\"]",
      "instances": [
        {
          "schema_version": 0,
          "attributes": {
            "arn": "arn:aws:iam::525017980305:role/codepipeline_role",
            "assume_role_policy": "{\"Version\":\"2012-10-17\",\"Statement\":[{\"Sid\":\"\",\"Effect\":\"Allow\",\"Principal\":{\"Service\":[\"codebuild.amazonaws.com\",\"codepipeline.amazonaws.com\",\"codestar.amazonaws.com\",\"cloudwatch.amazonaws.com\",\"events.amazonaws.com\",\"codedeploy.amazonaws.com\"]},\"Action\":\"sts:AssumeRole\"}]}",
            "create_date": "2021-04-03T08:03:02Z",
            "description": "",
            "force_detach_policies": false,
            "id": "codepipeline_role",
            "inline_policy": [
              {
                "name": "codepipeline_role_policy",
                "policy": "{\"Statement\":[{\"Action\":[\"s3:*\"],\"Effect\":\"Allow\",\"Resource\":[\"arn:aws:s3:::sns-v2\",\"arn:aws:s3:::sns-v2/*\"]},{\"Action\":[\"codebuild:*\",\"codedeploy:*\",\"codepipeline:*\",\"codestar:*\",\"codestar-connections:*\",\"logs:*\"],\"Effect\":\"Allow\",\"Resource\":\"*\"}],\"Version\":\"2012-10-17\"}"
              }
            ],
            "managed_policy_arns": [],
            "max_session_duration": 3600,
            "name": "codepipeline_role",
            "name_prefix": null,
            "path": "/",
            "permissions_boundary": null,
            "tags": {},
            "unique_id": "AROAXUPMCTWI7XOMJGYEO"
          },
          "sensitive_attributes": [],
          "private": "bnVsbA=="
        }
      ]
    },
    {
      "module": "module.codepipeline-frontend",
      "mode": "managed",
      "type": "aws_iam_role_policy",
      "name": "codepipeline_role_policy",
      "provider": "provider[\"registry.terraform.io/hashicorp/aws\"]",
      "instances": [
        {
          "schema_version": 0,
          "attributes": {
            "id": "codepipeline_role:codepipeline_role_policy",
            "name": "codepipeline_role_policy",
            "name_prefix": null,
            "policy": "{\"Statement\":[{\"Action\":[\"s3:*\"],\"Effect\":\"Allow\",\"Resource\":[\"arn:aws:s3:::sns-v2\",\"arn:aws:s3:::sns-v2/*\"]},{\"Action\":[\"codebuild:*\",\"codedeploy:*\",\"codepipeline:*\",\"codestar:*\",\"codestar-connections:*\",\"logs:*\"],\"Effect\":\"Allow\",\"Resource\":\"*\"}],\"Version\":\"2012-10-17\"}",
            "role": "codepipeline_role"
          },
          "sensitive_attributes": [],
          "private": "bnVsbA==",
          "dependencies": [
            "module.codepipeline-frontend.aws_iam_role.codepipeline_role",
            "module.codepipeline-frontend.aws_s3_bucket.sns-v2"
          ]
        }
      ]
    },
    {
      "module": "module.codepipeline-frontend",
      "mode": "managed",
      "type": "aws_s3_bucket",
      "name": "sns-v2",
      "provider": "provider[\"registry.terraform.io/hashicorp/aws\"]",
      "instances": [
        {
          "schema_version": 0,
          "attributes": {
            "acceleration_status": "",
            "acl": "private",
            "arn": "arn:aws:s3:::sns-v2",
            "bucket": "sns-v2",
            "bucket_domain_name": "sns-v2.s3.amazonaws.com",
            "bucket_prefix": null,
            "bucket_regional_domain_name": "sns-v2.s3.ap-northeast-2.amazonaws.com",
            "cors_rule": [],
            "force_destroy": false,
            "grant": [],
            "hosted_zone_id": "Z3W03O7B5YMIYP",
            "id": "sns-v2",
            "lifecycle_rule": [],
            "logging": [],
            "object_lock_configuration": [],
            "policy": null,
            "region": "ap-northeast-2",
            "replication_configuration": [],
            "request_payer": "BucketOwner",
            "server_side_encryption_configuration": [],
            "tags": {
              "Environment": "dev",
              "Name": "SNSv1-VPC-public",
              "Terraform": "true"
            },
            "versioning": [
              {
                "enabled": false,
                "mfa_delete": false
              }
            ],
            "website": [],
            "website_domain": null,
            "website_endpoint": null
          },
          "sensitive_attributes": [],
          "private": "bnVsbA=="
        }
      ]
    }
  ]
}
